
Microsoft Visual Studio Solution File, Format Version 12.00
# Visual Studio Version 16
VisualStudioVersion = 16.0.31702.278
MinimumVisualStudioVersion = 10.0.40219.1
Project("{FAE04EC0-301F-11D3-BF4B-00C04F79EFBC}") = "Website", "Website\Website.csproj", "{94366884-5CA3-4F1A-BC8A-FA466A7E475E}"
EndProject
Global
	GlobalSection(SolutionConfigurationPlatforms) = preSolution
		Debug|Any CPU = Debug|Any CPU
		Release|Any CPU = Release|Any CPU
	EndGlobalSection
	GlobalSection(ProjectConfigurationPlatforms) = postSolution
		{94366884-5CA3-4F1A-BC8A-FA466A7E475E}.Debug|Any CPU.ActiveCfg = Debug|Any CPU
		{94366884-5CA3-4F1A-BC8A-FA466A7E475E}.Debug|Any CPU.Build.0 = Debug|Any CPU
		{94366884-5CA3-4F1A-BC8A-FA466A7E475E}.Release|Any CPU.ActiveCfg = Release|Any CPU
		{94366884-5CA3-4F1A-BC8A-FA466A7E475E}.Release|Any CPU.Build.0 = Release|Any CPU
	EndGlobalSection
	GlobalSection(SolutionProperties) = preSolution
		HideSolutionNode = FALSE
	EndGlobalSection
	GlobalSection(ExtensibilityGlobals) = postSolution
		SolutionGuid = {1D9A8EA5-E645-44C4-AC69-2554803C8CBA}
	EndGlobalSection
EndGlobal
